
Microsoft Visual Studio Solution File, Format Version 12.00
# Visual Studio Version 17
VisualStudioVersion = 17.10.35013.160
MinimumVisualStudioVersion = 10.0.40219.1
Project("{FAE04EC0-301F-11D3-BF4B-00C04F79EFBC}") = "messageboard", "messageboard\messageboard.csproj", "{72F6A992-43A6-4CB8-8752-8EED09B819EA}"
EndProject
Global
	GlobalSection(SolutionConfigurationPlatforms) = preSolution
		Debug|Any CPU = Debug|Any CPU
		Release|Any CPU = Release|Any CPU
	EndGlobalSection
	GlobalSection(ProjectConfigurationPlatforms) = postSolution
		{72F6A992-43A6-4CB8-8752-8EED09B819EA}.Debug|Any CPU.ActiveCfg = Debug|Any CPU
		{72F6A992-43A6-4CB8-8752-8EED09B819EA}.Debug|Any CPU.Build.0 = Debug|Any CPU
		{72F6A992-43A6-4CB8-8752-8EED09B819EA}.Release|Any CPU.ActiveCfg = Release|Any CPU
		{72F6A992-43A6-4CB8-8752-8EED09B819EA}.Release|Any CPU.Build.0 = Release|Any CPU
	EndGlobalSection
	GlobalSection(SolutionProperties) = preSolution
		HideSolutionNode = FALSE
	EndGlobalSection
	GlobalSection(ExtensibilityGlobals) = postSolution
		SolutionGuid = {5D004FCF-25FF-4847-AA41-DD78DAEE5F8E}
	EndGlobalSection
EndGlobal
